Microsoft Visual Studio Solution File, Format Version 12.00
# Visual Studio Version 17
VisualStudioVersion = 17.0.31611.283
MinimumVisualStudioVersion = 10.0.40219.1
Project("{9A19103F-16F7-4668-BE54-9A1E7A4F7556}") = "MBSChatWeb", "MBSChatWeb\MBSChatWeb.csproj", "{8765AE30-0A09-4E69-BE9B-04C5C40C797C}"
EndProject
Project("{9A19103F-16F7-4668-BE54-9A1E7A4F7556}") = "MBSChatComponents", "MBSChatComponents\MBSChatComponents.csproj", "{C69F37F6-4288-424B-A119-2873452E4D08}"
EndProject
Project("{FAE04EC0-301F-11D3-BF4B-00C04F79EFBC}") = "MBSChatStandAlone", "MBSChatStandAlone\MBSChatStandAlone.csproj", "{5BF1B044-BA63-404F-9DB2-DA4A618629E4}"
EndProject
Global
	GlobalSection(SolutionConfigurationPlatforms) = preSolution
		Debug|Any CPU = Debug|Any CPU
		Release|Any CPU = Release|Any CPU
	EndGlobalSection
	GlobalSection(ProjectConfigurationPlatforms) = postSolution
		{8765AE30-0A09-4E69-BE9B-04C5C40C797C}.Debug|Any CPU.ActiveCfg = Debug|Any CPU
		{8765AE30-0A09-4E69-BE9B-04C5C40C797C}.Debug|Any CPU.Build.0 = Debug|Any CPU
		{8765AE30-0A09-4E69-BE9B-04C5C40C797C}.Release|Any CPU.ActiveCfg = Release|Any CPU
		{8765AE30-0A09-4E69-BE9B-04C5C40C797C}.Release|Any CPU.Build.0 = Release|Any CPU
		{C69F37F6-4288-424B-A119-2873452E4D08}.Debug|Any CPU.ActiveCfg = Debug|Any CPU
		{C69F37F6-4288-424B-A119-2873452E4D08}.Debug|Any CPU.Build.0 = Debug|Any CPU
		{C69F37F6-4288-424B-A119-2873452E4D08}.Release|Any CPU.ActiveCfg = Release|Any CPU
		{C69F37F6-4288-424B-A119-2873452E4D08}.Release|Any CPU.Build.0 = Release|Any CPU
		{5BF1B044-BA63-404F-9DB2-DA4A618629E4}.Debug|Any CPU.ActiveCfg = Debug|Any CPU
		{5BF1B044-BA63-404F-9DB2-DA4A618629E4}.Debug|Any CPU.Build.0 = Debug|Any CPU
		{5BF1B044-BA63-404F-9DB2-DA4A618629E4}.Release|Any CPU.ActiveCfg = Release|Any CPU
		{5BF1B044-BA63-404F-9DB2-DA4A618629E4}.Release|Any CPU.Build.0 = Release|Any CPU
	EndGlobalSection
	GlobalSection(SolutionProperties) = preSolution
		HideSolutionNode = FALSE
	EndGlobalSection
	GlobalSection(ExtensibilityGlobals) = postSolution
		SolutionGuid = {61F7FB11-1E47-470C-91E2-47F8143E1572}
	EndGlobalSection
EndGlobal
